# THIS IS AN AUTOGENERATED FILE. DO NOT EDIT THIS FILE DIRECTLY.
# yarn lockfile v1


"@rkusa/linebreak@^1.0.0":
  "integrity" "sha512-yCSm87XA1aYMgfcABSxcIkk3JtCw3AihNceHY+DnZGLvVP/g2z3UWZbi0xIoYpZWAJEVPr5Zt3QE37Q80wF1pA=="
  "resolved" "https://registry.npmjs.org/@rkusa/linebreak/-/linebreak-1.0.0.tgz"
  "version" "1.0.0"
  dependencies:
    "unicode-trie" "^0.3.0"

"@sindresorhus/is@^4.0.0":
  "integrity" "sha512-Qm9hBEBu18wt1PO2flE7LPb30BHMQt1eQgbV76YntdNk73XZGpn3izvGTYxbGgzXKgbCjiia0uxTd3aTNQrY/g=="
  "resolved" "https://registry.npmjs.org/@sindresorhus/is/-/is-4.0.1.tgz"
  "version" "4.0.1"

"@szmarczak/http-timer@^4.0.5":
  "integrity" "sha512-4BAffykYOgO+5nzBWYwE3W90sBgLJoUPRWWcL8wlyiM8IB8ipJz3UMJ9KXQd1RKQXpKp8Tutn80HZtWsu2u76w=="
  "resolved" "https://registry.npmjs.org/@szmarczak/http-timer/-/http-timer-4.0.6.tgz"
  "version" "4.0.6"
  dependencies:
    "defer-to-connect" "^2.0.0"

"@tootallnate/once@1":
  "integrity" "sha512-RbzJvlNzmRq5c3O09UipeuXno4tA1FE6ikOjxZK0tuxVv3412l64l5t1W5pj4+rJq9vpkm/kwiR07aZXnsKPxw=="
  "resolved" "https://registry.npmjs.org/@tootallnate/once/-/once-1.1.2.tgz"
  "version" "1.1.2"

"@types/cacheable-request@^6.0.1":
  "integrity" "sha512-B3xVo+dlKM6nnKTcmm5ZtY/OL8bOAOd2Olee9M1zft65ox50OzjEHW91sDiU9j6cvW8Ejg1/Qkf4xd2kugApUA=="
  "resolved" "https://registry.npmjs.org/@types/cacheable-request/-/cacheable-request-6.0.2.tgz"
  "version" "6.0.2"
  dependencies:
    "@types/http-cache-semantics" "*"
    "@types/keyv" "*"
    "@types/node" "*"
    "@types/responselike" "*"

"@types/http-cache-semantics@*":
  "integrity" "sha512-SZs7ekbP8CN0txVG2xVRH6EgKmEm31BOxA07vkFaETzZz1xh+cbt8BcI0slpymvwhx5dlFnQG2rTlPVQn+iRPQ=="
  "resolved" "https://registry.npmjs.org/@types/http-cache-semantics/-/http-cache-semantics-4.0.1.tgz"
  "version" "4.0.1"

"@types/keyv@*":
  "integrity" "sha512-/FvAK2p4jQOaJ6CGDHJTqZcUtbZe820qIeTg7o0Shg7drB4JHeL+V/dhSaly7NXx6u8eSee+r7coT+yuJEvDLg=="
  "resolved" "https://registry.npmjs.org/@types/keyv/-/keyv-3.1.2.tgz"
  "version" "3.1.2"
  dependencies:
    "@types/node" "*"

"@types/node@*":
  "integrity" "sha512-FKyawK3o5KL16AwbeFajen8G4K3mmqUrQsehn5wNKs8IzlKHE8TfnSmILXVMVziAEcnB23u1RCFU1NT6hSyr7Q=="
  "resolved" "https://registry.npmjs.org/@types/node/-/node-16.4.6.tgz"
  "version" "16.4.6"

"@types/responselike@*", "@types/responselike@^1.0.0":
  "integrity" "sha512-85Y2BjiufFzaMIlvJDvTTB8Fxl2xfLo4HgmHzVBz08w4wDePCTjYw66PdrolO0kzli3yam/YCgRufyo1DdQVTA=="
  "resolved" "https://registry.npmjs.org/@types/responselike/-/responselike-1.0.0.tgz"
  "version" "1.0.0"
  dependencies:
    "@types/node" "*"

"abab@^2.0.3", "abab@^2.0.5":
  "integrity" "sha512-9IK9EadsbHo6jLWIpxpR6pL0sazTXV6+SQv25ZB+F7Bj9mJNaOc4nCRabwd5M/JwmUa8idz6Eci6eKfJryPs6Q=="
  "resolved" "https://registry.npmjs.org/abab/-/abab-2.0.5.tgz"
  "version" "2.0.5"

"acorn-globals@^6.0.0":
  "integrity" "sha512-ZQl7LOWaF5ePqqcX4hLuv/bLXYQNfNWw2c0/yX/TsPRKamzHcTGQnlCjHT3TsmkOUVEPS3crCxiPfdzE/Trlhg=="
  "resolved" "https://registry.npmjs.org/acorn-globals/-/acorn-globals-6.0.0.tgz"
  "version" "6.0.0"
  dependencies:
    "acorn" "^7.1.1"
    "acorn-walk" "^7.1.1"

"acorn-walk@^7.1.1":
  "integrity" "sha512-OPdCF6GsMIP+Az+aWfAAOEt2/+iVDKE7oy6lJ098aoe59oAmK76qV6Gw60SbZ8jHuG2wH058GF4pLFbYamYrVA=="
  "resolved" "https://registry.npmjs.org/acorn-walk/-/acorn-walk-7.2.0.tgz"
  "version" "7.2.0"

"acorn@^7.1.1":
  "integrity" "sha512-nQyp0o1/mNdbTO1PO6kHkwSrmgZ0MT/jCCpNiwbUjGoRN4dlBhqJtoQuCnEOKzgTVwg0ZWiCoQy6SxMebQVh8A=="
  "resolved" "https://registry.npmjs.org/acorn/-/acorn-7.4.1.tgz"
  "version" "7.4.1"

"acorn@^8.2.4":
  "integrity" "sha512-ULr0LDaEqQrMFGyQ3bhJkLsbtrQ8QibAseGZeaSUiT/6zb9IvIkomWHJIvgvwad+hinRAgsI51JcWk2yvwyL+w=="
  "resolved" "https://registry.npmjs.org/acorn/-/acorn-8.4.0.tgz"
  "version" "8.4.0"

"agent-base@6":
  "integrity" "sha512-RZNwNclF7+MS/8bDg70amg32dyeZGZxiDuQmZxKLAlQjr3jGyLx+4Kkk58UO7D2QdgFIQCovuSuZESne6RG6XQ=="
  "resolved" "https://registry.npmjs.org/agent-base/-/agent-base-6.0.2.tgz"
  "version" "6.0.2"
  dependencies:
    "debug" "4"

"ansi-regex@^5.0.0":
  "integrity" "sha512-quJQXlTSUGL2LH9SUXo8VwsY4soanhgo6LNSm84E1LBcE8s3O0wpdiRzyR9z/ZZJMlMWv37qOOb9pdJlMUEKFQ=="
  "resolved" "https://registry.npmjs.org/ansi-regex/-/ansi-regex-5.0.1.tgz"
  "version" "5.0.1"

"ansi-styles@^4.0.0":
  "integrity" "sha512-zbB9rCJAT1rbjiVDb2hqKFHNYLxgtk8NURxZ3IZwD3F6NtxbXZQCnnSi1Lkx+IDohdPlFp222wVALIheZJQSEg=="
  "resolved" "https://registry.npmjs.org/ansi-styles/-/ansi-styles-4.3.0.tgz"
  "version" "4.3.0"
  dependencies:
    "color-convert" "^2.0.1"

"asynckit@^0.4.0":
  "integrity" "sha1-x57Zf380y48robyXkLzDZkdLS3k="
  "resolved" "https://registry.npmjs.org/asynckit/-/asynckit-0.4.0.tgz"
  "version" "0.4.0"

"browser-process-hrtime@^1.0.0":
  "integrity" "sha512-9o5UecI3GhkpM6DrXr69PblIuWxPKk9Y0jHBRhdocZ2y7YECBFCsHm79Pr3OyR2AvjhDkabFJaDJMYRazHgsow=="
  "resolved" "https://registry.npmjs.org/browser-process-hrtime/-/browser-process-hrtime-1.0.0.tgz"
  "version" "1.0.0"

"cacheable-lookup@^5.0.3":
  "integrity" "sha512-2/kNscPhpcxrOigMZzbiWF7dz8ilhb/nIHU3EyZiXWXpeq/au8qJ8VhdftMkty3n7Gj6HIGalQG8oiBNB3AJgA=="
  "resolved" "https://registry.npmjs.org/cacheable-lookup/-/cacheable-lookup-5.0.4.tgz"
  "version" "5.0.4"

"cacheable-request@^7.0.2":
  "integrity" "sha512-pouW8/FmiPQbuGpkXQ9BAPv/Mo5xDGANgSNXzTzJ8DrKGuXOssM4wIQRjfanNRh3Yu5cfYPvcorqbhg2KIJtew=="
  "resolved" "https://registry.npmjs.org/cacheable-request/-/cacheable-request-7.0.2.tgz"
  "version" "7.0.2"
  dependencies:
    "clone-response" "^1.0.2"
    "get-stream" "^5.1.0"
    "http-cache-semantics" "^4.0.0"
    "keyv" "^4.0.0"
    "lowercase-keys" "^2.0.0"
    "normalize-url" "^6.0.1"
    "responselike" "^2.0.0"

"cliui@^7.0.2":
  "integrity" "sha512-OcRE68cOsVMXp1Yvonl/fzkQOyjLSu/8bhPDfQt0e0/Eb283TKP20Fs2MqoPsr9SwA595rRCA+QMzYc9nBP+JQ=="
  "resolved" "https://registry.npmjs.org/cliui/-/cliui-7.0.4.tgz"
  "version" "7.0.4"
  dependencies:
    "string-width" "^4.2.0"
    "strip-ansi" "^6.0.0"
    "wrap-ansi" "^7.0.0"

"clone-response@^1.0.2":
  "integrity" "sha1-0dyXOSAxTfZ/vrlCI7TuNQI56Ws="
  "resolved" "https://registry.npmjs.org/clone-response/-/clone-response-1.0.2.tgz"
  "version" "1.0.2"
  dependencies:
    "mimic-response" "^1.0.0"

"color-convert@^2.0.1":
  "integrity" "sha512-RRECPsj7iu/xb5oKYcsFHSppFNnsj/52OVTRKb4zP5onXwVF3zVmmToNcOfGC+CRDpfK/U584fMg38ZHCaElKQ=="
  "resolved" "https://registry.npmjs.org/color-convert/-/color-convert-2.0.1.tgz"
  "version" "2.0.1"
  dependencies:
    "color-name" "~1.1.4"

"color-name@~1.1.4":
  "integrity" "sha512-dOy+3AuW3a2wNbZHIuMZpTcgjGuLU/uBL/ubcZF9OXbDo8ff4O8yVp5Bf0efS8uEoYo5q4Fx7dY9OgQGXgAsQA=="
  "resolved" "https://registry.npmjs.org/color-name/-/color-name-1.1.4.tgz"
  "version" "1.1.4"

"combined-stream@^1.0.8":
  "integrity" "sha512-FQN4MRfuJeHf7cBbBMJFXhKSDq+2kAArBlmRBvcvFE5BB1HZKXtSFASDhdlz9zOYwxh8lDdnvmMOe/+5cdoEdg=="
  "resolved" "https://registry.npmjs.org/combined-stream/-/combined-stream-1.0.8.tgz"
  "version" "1.0.8"
  dependencies:
    "delayed-stream" "~1.0.0"

"command-exists@^1.2.9":
  "integrity" "sha512-LTQ/SGc+s0Xc0Fu5WaKnR0YiygZkm9eKFvyS+fRsU7/ZWFF8ykFM6Pc9aCVf1+xasOOZpO3BAVgVrKvsqKHV7w=="
  "resolved" "https://registry.npmjs.org/command-exists/-/command-exists-1.2.9.tgz"
  "version" "1.2.9"

"cssom@^0.4.4":
  "integrity" "sha512-p3pvU7r1MyyqbTk+WbNJIgJjG2VmTIaB10rI93LzVPrmDJKkzKYMtxxyAvQXR/NS6otuzveI7+7BBq3SjBS2mw=="
  "resolved" "https://registry.npmjs.org/cssom/-/cssom-0.4.4.tgz"
  "version" "0.4.4"

"cssom@~0.3.6":
  "integrity" "sha512-b0tGHbfegbhPJpxpiBPU2sCkigAqtM9O121le6bbOlgyV+NyGyCmVfJ6QW9eRjz8CpNfWEOYBIMIGRYkLwsIYg=="
  "resolved" "https://registry.npmjs.org/cssom/-/cssom-0.3.8.tgz"
  "version" "0.3.8"

"cssstyle@^2.3.0":
  "integrity" "sha512-AZL67abkUzIuvcHqk7c09cezpGNcxUxU4Ioi/05xHk4DQeTkWmGYftIE6ctU6AEt+Gn4n1lDStOtj7FKycP71A=="
  "resolved" "https://registry.npmjs.org/cssstyle/-/cssstyle-2.3.0.tgz"
  "version" "2.3.0"
  dependencies:
    "cssom" "~0.3.6"

"data-urls@^2.0.0":
  "integrity" "sha512-X5eWTSXO/BJmpdIKCRuKUgSCgAN0OwliVK3yPKbwIWU1Tdw5BRajxlzMidvh+gwko9AfQ9zIj52pzF91Q3YAvQ=="
  "resolved" "https://registry.npmjs.org/data-urls/-/data-urls-2.0.0.tgz"
  "version" "2.0.0"
  dependencies:
    "abab" "^2.0.3"
    "whatwg-mimetype" "^2.3.0"
    "whatwg-url" "^8.0.0"

"debug@4":
  "integrity" "sha512-doEwdvm4PCeK4K3RQN2ZC2BYUBaxwLARCqZmMjtF8a51J2Rb0xpVloFRnCODwqjpwnAoao4pelN8l3RJdv3gRQ=="
  "resolved" "https://registry.npmjs.org/debug/-/debug-4.3.1.tgz"
  "version" "4.3.1"
  dependencies:
    "ms" "2.1.2"

"decimal.js@^10.2.1":
  "integrity" "sha512-MrQRs2gyD//7NeHi9TtsfClkf+cFAewDz+PZHR8ILKglLmBMyVX3ymQ+oeznE3tjrS7beTN+6JXb2C3JDHm7ug=="
  "resolved" "https://registry.npmjs.org/decimal.js/-/decimal.js-10.3.0.tgz"
  "version" "10.3.0"

"decompress-response@^6.0.0":
  "integrity" "sha512-aW35yZM6Bb/4oJlZncMH2LCoZtJXTRxES17vE3hoRiowU2kWHaJKFkSBDnDR+cm9J+9QhXmREyIfv0pji9ejCQ=="
  "resolved" "https://registry.npmjs.org/decompress-response/-/decompress-response-6.0.0.tgz"
  "version" "6.0.0"
  dependencies:
    "mimic-response" "^3.1.0"

"deep-is@~0.1.3":
  "integrity" "sha1-s2nW+128E+7PUk+RsHD+7cNXzzQ="
  "resolved" "https://registry.npmjs.org/deep-is/-/deep-is-0.1.3.tgz"
  "version" "0.1.3"

"defer-to-connect@^2.0.0":
  "integrity" "sha512-4tvttepXG1VaYGrRibk5EwJd1t4udunSOVMdLSAL6mId1ix438oPwPZMALY41FCijukO1L0twNcGsdzS7dHgDg=="
  "resolved" "https://registry.npmjs.org/defer-to-connect/-/defer-to-connect-2.0.1.tgz"
  "version" "2.0.1"

"delayed-stream@~1.0.0":
  "integrity" "sha1-3zrhmayt+31ECqrgsp4icrJOxhk="
  "resolved" "https://registry.npmjs.org/delayed-stream/-/delayed-stream-1.0.0.tgz"
  "version" "1.0.0"

"domexception@^2.0.1":
  "integrity" "sha512-yxJ2mFy/sibVQlu5qHjOkf9J3K6zgmCxgJ94u2EdvDOV09H+32LtRswEcUsmUWN72pVLOEnTSRaIVVzVQgS0dg=="
  "resolved" "https://registry.npmjs.org/domexception/-/domexception-2.0.1.tgz"
  "version" "2.0.1"
  dependencies:
    "webidl-conversions" "^5.0.0"

"emoji-regex@^8.0.0":
  "integrity" "sha512-MSjYzcWNOA0ewAHpz0MxpYFvwg6yjy1NG3xteoqz644VCo/RPgnr1/GGt+ic3iJTzQ8Eu3TdM14SawnVUmGE6A=="
  "resolved" "https://registry.npmjs.org/emoji-regex/-/emoji-regex-8.0.0.tgz"
  "version" "8.0.0"

"end-of-stream@^1.1.0":
  "integrity" "sha512-+uw1inIHVPQoaVuHzRyXd21icM+cnt4CzD5rW+NC1wjOUSTOs+Te7FOv7AhN7vS9x/oIyhLP5PR1H+phQAHu5Q=="
  "resolved" "https://registry.npmjs.org/end-of-stream/-/end-of-stream-1.4.4.tgz"
  "version" "1.4.4"
  dependencies:
    "once" "^1.4.0"

"escalade@^3.1.1":
  "integrity" "sha512-k0er2gUkLf8O0zKJiAhmkTnJlTvINGv7ygDNPbeIsX/TJjGJZHuh9B2UxbsaEkmlEo9MfhrSzmhIlhRlI2GXnw=="
  "resolved" "https://registry.npmjs.org/escalade/-/escalade-3.1.1.tgz"
  "version" "3.1.1"

"escodegen@^2.0.0":
  "integrity" "sha512-mmHKys/C8BFUGI+MAWNcSYoORYLMdPzjrknd2Vc+bUsjN5bXcr8EhrNB+UTqfL1y3I9c4fw2ihgtMPQLBRiQxw=="
  "resolved" "https://registry.npmjs.org/escodegen/-/escodegen-2.0.0.tgz"
  "version" "2.0.0"
  dependencies:
    "esprima" "^4.0.1"
    "estraverse" "^5.2.0"
    "esutils" "^2.0.2"
    "optionator" "^0.8.1"
  optionalDependencies:
    "source-map" "~0.6.1"

"esprima@^4.0.1":
  "integrity" "sha512-eGuFFw7Upda+g4p+QHvnW0RyTX/SVeJBDM/gCtMARO0cLuT2HcEKnTPvhjV6aGeqrCB/sbNop0Kszm0jsaWU4A=="
  "resolved" "https://registry.npmjs.org/esprima/-/esprima-4.0.1.tgz"
  "version" "4.0.1"

"estraverse@^5.2.0":
  "integrity" "sha512-BxbNGGNm0RyRYvUdHpIwv9IWzeM9XClbOxwoATuFdOE7ZE6wHL+HQ5T8hoPM+zHvmKzzsEqhgy0GrQ5X13afiQ=="
  "resolved" "https://registry.npmjs.org/estraverse/-/estraverse-5.2.0.tgz"
  "version" "5.2.0"

"esutils@^2.0.2":
  "integrity" "sha512-kVscqXk4OCp68SZ0dkgEKVi6/8ij300KBWTJq32P/dYeWTSwK41WyTxalN1eRmA5Z9UU/LX9D7FWSmV9SAYx6g=="
  "resolved" "https://registry.npmjs.org/esutils/-/esutils-2.0.3.tgz"
  "version" "2.0.3"

"fast-levenshtein@~2.0.6":
  "integrity" "sha1-PYpcZog6FqMMqGQ+hR8Zuqd5eRc="
  "resolved" "https://registry.npmjs.org/fast-levenshtein/-/fast-levenshtein-2.0.6.tgz"
  "version" "2.0.6"

"form-data@^3.0.0":
  "integrity" "sha512-RHkBKtLWUVwd7SqRIvCZMEvAMoGUp0XU+seQiZejj0COz3RI3hWP4sCv3gZWWLjJTd7rGwcsF5eKZGii0r/hbg=="
  "resolved" "https://registry.npmjs.org/form-data/-/form-data-3.0.1.tgz"
  "version" "3.0.1"
  dependencies:
    "asynckit" "^0.4.0"
    "combined-stream" "^1.0.8"
    "mime-types" "^2.1.12"

"get-caller-file@^2.0.5":
  "integrity" "sha512-DyFP3BM/3YHTQOCUL/w0OZHR0lpKeGrxotcHWcqNEdnltqFwXVfhEBQ94eIo34AfQpo0rGki4cyIiftY06h2Fg=="
  "resolved" "https://registry.npmjs.org/get-caller-file/-/get-caller-file-2.0.5.tgz"
  "version" "2.0.5"

"get-stream@^5.1.0":
  "integrity" "sha512-nBF+F1rAZVCu/p7rjzgA+Yb4lfYXrpl7a6VmJrU8wF9I1CKvP/QwPNZHnOlwbTkY6dvtFIzFMSyQXbLoTQPRpA=="
  "resolved" "https://registry.npmjs.org/get-stream/-/get-stream-5.2.0.tgz"
  "version" "5.2.0"
  dependencies:
    "pump" "^3.0.0"

"got@^11.8.2":
  "integrity" "sha512-6tfZ91bOr7bOXnK7PRDCGBLa1H4U080YHNaAQ2KsMGlLEzRbk44nsZF2E1IeRc3vtJHPVbKCYgdFbaGO2ljd8g=="
  "resolved" "https://registry.npmjs.org/got/-/got-11.8.6.tgz"
  "version" "11.8.6"
  dependencies:
    "@sindresorhus/is" "^4.0.0"
    "@szmarczak/http-timer" "^4.0.5"
    "@types/cacheable-request" "^6.0.1"
    "@types/responselike" "^1.0.0"
    "cacheable-lookup" "^5.0.3"
    "cacheable-request" "^7.0.2"
    "decompress-response" "^6.0.0"
    "http2-wrapper" "^1.0.0-beta.5.2"
    "lowercase-keys" "^2.0.0"
    "p-cancelable" "^2.0.0"
    "responselike" "^2.0.0"

"html-encoding-sniffer@^2.0.1":
  "integrity" "sha512-D5JbOMBIR/TVZkubHT+OyT2705QvogUW4IBn6nHd756OwieSF9aDYFj4dv6HHEVGYbHaLETa3WggZYWWMyy3ZQ=="
  "resolved" "https://registry.npmjs.org/html-encoding-sniffer/-/html-encoding-sniffer-2.0.1.tgz"
  "version" "2.0.1"
  dependencies:
    "whatwg-encoding" "^1.0.5"

"http-cache-semantics@^4.0.0":
  "integrity" "sha512-carPklcUh7ROWRK7Cv27RPtdhYhUsela/ue5/jKzjegVvXDqM2ILE9Q2BGn9JZJh1g87cp56su/FgQSzcWS8cQ=="
  "resolved" "https://registry.npmjs.org/http-cache-semantics/-/http-cache-semantics-4.1.0.tgz"
  "version" "4.1.0"

"http-proxy-agent@^4.0.1":
  "integrity" "sha512-k0zdNgqWTGA6aeIRVpvfVob4fL52dTfaehylg0Y4UvSySvOq/Y+BOyPrgpUrA7HylqvU8vIZGsRuXmspskV0Tg=="
  "resolved" "https://registry.npmjs.org/http-proxy-agent/-/http-proxy-agent-4.0.1.tgz"
  "version" "4.0.1"
  dependencies:
    "@tootallnate/once" "1"
    "agent-base" "6"
    "debug" "4"

"http2-wrapper@^1.0.0-beta.5.2":
  "integrity" "sha512-V+23sDMr12Wnz7iTcDeJr3O6AIxlnvT/bmaAAAP/Xda35C90p9599p0F1eHR/N1KILWSoWVAiOMFjBBXaXSMxg=="
  "resolved" "https://registry.npmjs.org/http2-wrapper/-/http2-wrapper-1.0.3.tgz"
  "version" "1.0.3"
  dependencies:
    "quick-lru" "^5.1.1"
    "resolve-alpn" "^1.0.0"

"https-proxy-agent@^5.0.0":
  "integrity" "sha512-EkYm5BcKUGiduxzSt3Eppko+PiNWNEpa4ySk9vTC6wDsQJW9rHSa+UhGNJoRYp7bz6Ht1eaRIa6QaJqO5rCFbA=="
  "resolved" "https://registry.npmjs.org/https-proxy-agent/-/https-proxy-agent-5.0.0.tgz"
  "version" "5.0.0"
  dependencies:
    "agent-base" "6"
    "debug" "4"

"iconv-lite@0.4.24":
  "integrity" "sha512-v3MXnZAcvnywkTUEZomIActle7RXXeedOR31wwl7VlyoXO4Qi9arvSenNQWne1TcRwhCL1HwLI21bEqdpj8/rA=="
  "resolved" "https://registry.npmjs.org/iconv-lite/-/iconv-lite-0.4.24.tgz"
  "version" "0.4.24"
  dependencies:
    "safer-buffer" ">= 2.1.2 < 3"

"inherits@^2.0.3":
  "integrity" "sha512-k/vGaX4/Yla3WzyMCvTQOXYeIHvqOKtnqBduzTHpzpQZzAskKMhZ2K+EnBiSM9zGSoIFeMpXKxa4dYeZIQqewQ=="
  "resolved" "https://registry.npmjs.org/inherits/-/inherits-2.0.4.tgz"
  "version" "2.0.4"

"is-fullwidth-code-point@^3.0.0":
  "integrity" "sha512-zymm5+u+sCsSWyD9qNaejV3DFvhCKclKdizYaJUuHA83RLjb7nSuGnddCHGv0hk+KY7BMAlsWeK4Ueg6EV6XQg=="
  "resolved" "https://registry.npmjs.org/is-fullwidth-code-point/-/is-fullwidth-code-point-3.0.0.tgz"
  "version" "3.0.0"

"is-potential-custom-element-name@^1.0.1":
  "integrity" "sha512-bCYeRA2rVibKZd+s2625gGnGF/t7DSqDs4dP7CrLA1m7jKWz6pps0LpYLJN8Q64HtmPKJ1hrN3nzPNKFEKOUiQ=="
  "resolved" "https://registry.npmjs.org/is-potential-custom-element-name/-/is-potential-custom-element-name-1.0.1.tgz"
  "version" "1.0.1"

"is-stream@^1.0.1":
  "integrity" "sha1-EtSj3U5o4Lec6428hBc66A2RykQ="
  "resolved" "https://registry.npmjs.org/is-stream/-/is-stream-1.1.0.tgz"
  "version" "1.1.0"

"jsdom@^16.6.0":
  "integrity" "sha512-Ty1vmF4NHJkolaEmdjtxTfSfkdb8Ywarwf63f+F8/mDD1uLSSWDxDuMiZxiPhwunLrn9LOSVItWj4bLYsLN3Dg=="
  "resolved" "https://registry.npmjs.org/jsdom/-/jsdom-16.6.0.tgz"
  "version" "16.6.0"
  dependencies:
    "abab" "^2.0.5"
    "acorn" "^8.2.4"
    "acorn-globals" "^6.0.0"
    "cssom" "^0.4.4"
    "cssstyle" "^2.3.0"
    "data-urls" "^2.0.0"
    "decimal.js" "^10.2.1"
    "domexception" "^2.0.1"
    "escodegen" "^2.0.0"
    "form-data" "^3.0.0"
    "html-encoding-sniffer" "^2.0.1"
    "http-proxy-agent" "^4.0.1"
    "https-proxy-agent" "^5.0.0"
    "is-potential-custom-element-name" "^1.0.1"
    "nwsapi" "^2.2.0"
    "parse5" "6.0.1"
    "saxes" "^5.0.1"
    "symbol-tree" "^3.2.4"
    "tough-cookie" "^4.0.0"
    "w3c-hr-time" "^1.0.2"
    "w3c-xmlserializer" "^2.0.0"
    "webidl-conversions" "^6.1.0"
    "whatwg-encoding" "^1.0.5"
    "whatwg-mimetype" "^2.3.0"
    "whatwg-url" "^8.5.0"
    "ws" "^7.4.5"
    "xml-name-validator" "^3.0.0"

"json-buffer@3.0.1":
  "integrity" "sha512-4bV5BfR2mqfQTJm+V5tPPdf+ZpuhiIvTuAB5g8kcrXOZpTT/QwwVRWBywX1ozr6lEuPdbHxwaJlm9G6mI2sfSQ=="
  "resolved" "https://registry.npmjs.org/json-buffer/-/json-buffer-3.0.1.tgz"
  "version" "3.0.1"

"keyv@^4.0.0":
  "integrity" "sha512-zdGa2TOpSZPq5mU6iowDARnMBZgtCqJ11dJROFi6tg6kTn4nuUdU09lFyLFSaHrWqpIJ+EBq4E8/Dc0Vx5vLdA=="
  "resolved" "https://registry.npmjs.org/keyv/-/keyv-4.0.3.tgz"
  "version" "4.0.3"
  dependencies:
    "json-buffer" "3.0.1"

"levn@~0.3.0":
  "integrity" "sha1-OwmSTt+fCDwEkP3UwLxEIeBHZO4="
  "resolved" "https://registry.npmjs.org/levn/-/levn-0.3.0.tgz"
  "version" "0.3.0"
  dependencies:
    "prelude-ls" "~1.1.2"
    "type-check" "~0.3.2"

"lodash@^4.7.0":
  "integrity" "sha512-v2kDEe57lecTulaDIuNTPy3Ry4gLGJ6Z1O3vE1krgXZNrsQ+LFTGHVxVjcXPs17LhbZVGedAJv8XZ1tvj5FvSg=="
  "resolved" "https://registry.npmjs.org/lodash/-/lodash-4.17.21.tgz"
  "version" "4.17.21"

"lowercase-keys@^2.0.0":
  "integrity" "sha512-tqNXrS78oMOE73NMxK4EMLQsQowWf8jKooH9g7xPavRT706R6bkQJ6DY2Te7QukaZsulxa30wQ7bk0pm4XiHmA=="
  "resolved" "https://registry.npmjs.org/lowercase-keys/-/lowercase-keys-2.0.0.tgz"
  "version" "2.0.0"

"mime-db@1.48.0":
  "integrity" "sha512-FM3QwxV+TnZYQ2aRqhlKBMHxk10lTbMt3bBkMAp54ddrNeVSfcQYOOKuGuy3Ddrm38I04If834fOUSq1yzslJQ=="
  "resolved" "https://registry.npmjs.org/mime-db/-/mime-db-1.48.0.tgz"
  "version" "1.48.0"

"mime-types@^2.1.12":
  "integrity" "sha512-XGZnNzm3QvgKxa8dpzyhFTHmpP3l5YNusmne07VUOXxou9CqUqYa/HBy124RqtVh/O2pECas/MOcsDgpilPOPg=="
  "resolved" "https://registry.npmjs.org/mime-types/-/mime-types-2.1.31.tgz"
  "version" "2.1.31"
  dependencies:
    "mime-db" "1.48.0"

"mimic-response@^1.0.0":
  "integrity" "sha512-j5EctnkH7amfV/q5Hgmoal1g2QHFJRraOtmx0JpIqkxhBhI/lJSl1nMpQ45hVarwNETOoWEimndZ4QK0RHxuxQ=="
  "resolved" "https://registry.npmjs.org/mimic-response/-/mimic-response-1.0.1.tgz"
  "version" "1.0.1"

"mimic-response@^3.1.0":
  "integrity" "sha512-z0yWI+4FDrrweS8Zmt4Ej5HdJmky15+L2e6Wgn3+iK5fWzb6T3fhNFq2+MeTRb064c6Wr4N/wv0DzQTjNzHNGQ=="
  "resolved" "https://registry.npmjs.org/mimic-response/-/mimic-response-3.1.0.tgz"
  "version" "3.1.0"

"ms@2.1.2":
  "integrity" "sha512-sGkPx+VjMtmA6MX27oA4FBFELFCZZ4S4XqeGOXCv68tT+jb3vk/RyaKWP0PTKyWtmLSM0b+adUTEvbs1PEaH2w=="
  "resolved" "https://registry.npmjs.org/ms/-/ms-2.1.2.tgz"
  "version" "2.1.2"

"node-gs@^0.1.1":
  "integrity" "sha512-uZkKlvcW6IbYyjO6JmjDjLVDsBtnhziJ/lF0A6oZuXoT9i842hoq02wpvOFG70PyNbVe+WaDcg1ThCmrb5CqjQ=="
  "resolved" "https://registry.npmjs.org/node-gs/-/node-gs-0.1.1.tgz"
  "version" "0.1.1"

"normalize-url@^6.0.1":
  "integrity" "sha512-DlL+XwOy3NxAQ8xuC0okPgK46iuVNAK01YN7RueYBqqFeGsBjV9XmCAzAdgt+667bCl5kPh9EqKKDwnaPG1I7A=="
  "resolved" "https://registry.npmjs.org/normalize-url/-/normalize-url-6.1.0.tgz"
  "version" "6.1.0"

"nwsapi@^2.2.0":
  "integrity" "sha512-h2AatdwYH+JHiZpv7pt/gSX1XoRGb7L/qSIeuqA6GwYoF9w1vP1cw42TO0aI2pNyshRK5893hNSl+1//vHK7hQ=="
  "resolved" "https://registry.npmjs.org/nwsapi/-/nwsapi-2.2.0.tgz"
  "version" "2.2.0"

"once@^1.3.1", "once@^1.4.0":
  "integrity" "sha1-WDsap3WWHUsROsF9nFC6753Xa9E="
  "resolved" "https://registry.npmjs.org/once/-/once-1.4.0.tgz"
  "version" "1.4.0"
  dependencies:
    "wrappy" "1"

"opentype.js@^1.3.3":
  "integrity" "sha512-d2JE9RP/6uagpQAVtJoF0pJJA/fgai89Cc50Yp0EJHk+eLp6QQ7gBoblsnubRULNY132I0J1QKMJ+JTbMqz4sw=="
  "resolved" "https://registry.npmjs.org/opentype.js/-/opentype.js-1.3.4.tgz"
  "version" "1.3.4"
  dependencies:
    "string.prototype.codepointat" "^0.2.1"
    "tiny-inflate" "^1.0.3"

"optionator@^0.8.1":
  "integrity" "sha512-+IW9pACdk3XWmmTXG8m3upGUJst5XRGzxMRjXzAuJ1XnIFNvfhjjIuYkDvysnPQ7qzqVzLt78BCruntqRhWQbA=="
  "resolved" "https://registry.npmjs.org/optionator/-/optionator-0.8.3.tgz"
  "version" "0.8.3"
  dependencies:
    "deep-is" "~0.1.3"
    "fast-levenshtein" "~2.0.6"
    "levn" "~0.3.0"
    "prelude-ls" "~1.1.2"
    "type-check" "~0.3.2"
    "word-wrap" "~1.2.3"

"p-cancelable@^2.0.0":
  "integrity" "sha512-BZOr3nRQHOntUjTrH8+Lh54smKHoHyur8We1V8DSMVrl5A2malOOwuJRnKRDjSnkoeBh4at6BwEnb5I7Jl31wg=="
  "resolved" "https://registry.npmjs.org/p-cancelable/-/p-cancelable-2.1.1.tgz"
  "version" "2.1.1"

"pako@^0.2.5":
  "integrity" "sha1-8/dSL073gjSNqBYbrZ7P1Rv4OnU="
  "resolved" "https://registry.npmjs.org/pako/-/pako-0.2.9.tgz"
  "version" "0.2.9"

"pako@^2.0.3":
  "integrity" "sha512-v8tweI900AUkZN6heMU/4Uy4cXRc2AYNRggVmTR+dEncawDJgCdLMximOVA2p4qO57WMynangsfGRb5WD6L1Bg=="
  "resolved" "https://registry.npmjs.org/pako/-/pako-2.0.4.tgz"
  "version" "2.0.4"

"parse5@6.0.1":
  "integrity" "sha512-Ofn/CTFzRGTTxwpNEs9PP93gXShHcTq255nzRYSKe8AkVpZY7e1fpmTfOyoIvjP5HG7Z2ZM7VS9PPhQGW2pOpw=="
  "resolved" "https://registry.npmjs.org/parse5/-/parse5-6.0.1.tgz"
  "version" "6.0.1"

"pdf-merger-js@^3.4.0":
  "integrity" "sha512-2LkaPYf49cp/QAhjE+n9LEZXVVOzCjZPGlB6fE3a0neW+fers6vz+0A9drQCYNesMbzZ6JttCUF8jJvgwNPHAA=="
  "resolved" "https://registry.npmjs.org/pdf-merger-js/-/pdf-merger-js-3.4.0.tgz"
  "version" "3.4.0"
  dependencies:
    "pdfjs" "^2.4.7"

"pdfjs@^2.4.7":
  "integrity" "sha512-qGGZiQ7cz7nDgRgNSMm0qsZ4QPlAvZr+kWwB78hZzClojtfqGbGUT/gwzf8S2nniwvLMB56boBTTIppQohTJUA=="
  "resolved" "https://registry.npmjs.org/pdfjs/-/pdfjs-2.4.7.tgz"
  "version" "2.4.7"
  dependencies:
    "@rkusa/linebreak" "^1.0.0"
    "opentype.js" "^1.3.3"
    "pako" "^2.0.3"
    "readable-stream" "^3.6.0"
    "unorm" "^1.6.0"
    "uuid" "^8.3.1"

"prelude-ls@~1.1.2":
  "integrity" "sha1-IZMqVJ9eUv/ZqCf1cOBL5iqX2lQ="
  "resolved" "https://registry.npmjs.org/prelude-ls/-/prelude-ls-1.1.2.tgz"
  "version" "1.1.2"

"psl@^1.1.33":
  "integrity" "sha512-RIdOzyoavK+hA18OGGWDqUTsCLhtA7IcZ/6NCs4fFJaHBDab+pDDmDIByWFRQJq2Cd7r1OoQxBGKOaztq+hjIQ=="
  "resolved" "https://registry.npmjs.org/psl/-/psl-1.8.0.tgz"
  "version" "1.8.0"

"pump@^3.0.0":
  "integrity" "sha512-LwZy+p3SFs1Pytd/jYct4wpv49HiYCqd9Rlc5ZVdk0V+8Yzv6jR5Blk3TRmPL1ft69TxP0IMZGJ+WPFU2BFhww=="
  "resolved" "https://registry.npmjs.org/pump/-/pump-3.0.0.tgz"
  "version" "3.0.0"
  dependencies:
    "end-of-stream" "^1.1.0"
    "once" "^1.3.1"

"punycode@^2.1.1":
  "integrity" "sha512-XRsRjdf+j5ml+y/6GKHPZbrF/8p2Yga0JPtdqTIY2Xe5ohJPD9saDJJLPvp9+NSBprVvevdXZybnj2cv8OEd0A=="
  "resolved" "https://registry.npmjs.org/punycode/-/punycode-2.1.1.tgz"
  "version" "2.1.1"

"quick-lru@^5.1.1":
  "integrity" "sha512-WuyALRjWPDGtt/wzJiadO5AXY+8hZ80hVpe6MyivgraREW751X3SbhRvG3eLKOYN+8VEvqLcf3wdnt44Z4S4SA=="
  "resolved" "https://registry.npmjs.org/quick-lru/-/quick-lru-5.1.1.tgz"
  "version" "5.1.1"

"readable-stream@^3.6.0":
  "integrity" "sha512-BViHy7LKeTz4oNnkcLJ+lVSL6vpiFeX6/d3oSH8zCW7UxP2onchk+vTGB143xuFjHS3deTgkKoXXymXqymiIdA=="
  "resolved" "https://registry.npmjs.org/readable-stream/-/readable-stream-3.6.0.tgz"
  "version" "3.6.0"
  dependencies:
    "inherits" "^2.0.3"
    "string_decoder" "^1.1.1"
    "util-deprecate" "^1.0.1"

"require-directory@^2.1.1":
  "integrity" "sha1-jGStX9MNqxyXbiNE/+f3kqam30I="
  "resolved" "https://registry.npmjs.org/require-directory/-/require-directory-2.1.1.tgz"
  "version" "2.1.1"

"resolve-alpn@^1.0.0":
  "integrity" "sha512-e4FNQs+9cINYMO5NMFc6kOUCdohjqFPSgMuwuZAOUWqrfWsen+Yjy5qZFkV5K7VO7tFSLKcUL97olkED7sCBHA=="
  "resolved" "https://registry.npmjs.org/resolve-alpn/-/resolve-alpn-1.2.0.tgz"
  "version" "1.2.0"

"responselike@^2.0.0":
  "integrity" "sha512-xH48u3FTB9VsZw7R+vvgaKeLKzT6jOogbQhEe/jewwnZgzPcnyWui2Av6JpoYZF/91uueC+lqhWqeURw5/qhCw=="
  "resolved" "https://registry.npmjs.org/responselike/-/responselike-2.0.0.tgz"
  "version" "2.0.0"
  dependencies:
    "lowercase-keys" "^2.0.0"

"safe-buffer@~5.2.0":
  "integrity" "sha512-rp3So07KcdmmKbGvgaNxQSJr7bGVSVk5S9Eq1F+ppbRo70+YeaDxkw5Dd8NPN+GD6bjnYm2VuPuCXmpuYvmCXQ=="
  "resolved" "https://registry.npmjs.org/safe-buffer/-/safe-buffer-5.2.1.tgz"
  "version" "5.2.1"

"safer-buffer@>= 2.1.2 < 3":
  "integrity" "sha512-YZo3K82SD7Riyi0E1EQPojLz7kpepnSQI9IyPbHHg1XXXevb5dJI7tpyN2ADxGcQbHG7vcyRHk0cbwqcQriUtg=="
  "resolved" "https://registry.npmjs.org/safer-buffer/-/safer-buffer-2.1.2.tgz"
  "version" "2.1.2"

"saxes@^5.0.1":
  "integrity" "sha512-5LBh1Tls8c9xgGjw3QrMwETmTMVk0oFgvrFSvWx62llR2hcEInrKNZ2GZCCuuy2lvWrdl5jhbpeqc5hRYKFOcw=="
  "resolved" "https://registry.npmjs.org/saxes/-/saxes-5.0.1.tgz"
  "version" "5.0.1"
  dependencies:
    "xmlchars" "^2.2.0"

"slang@>=0.2":
  "integrity" "sha1-E691tPDAGMaoGT1wT2WyO+T7q9w="
  "resolved" "https://registry.npmjs.org/slang/-/slang-0.3.0.tgz"
  "version" "0.3.0"

"source-map@~0.6.1":
  "integrity" "sha512-UjgapumWlbMhkBgzT7Ykc5YXUT46F0iKu8SGXq0bcwP5dz/h0Plj6enJqjz1Zbq2l5WaqYnrVbwWOWMyF3F47g=="
  "resolved" "https://registry.npmjs.org/source-map/-/source-map-0.6.1.tgz"
  "version" "0.6.1"

"string_decoder@^1.1.1":
  "integrity" "sha512-hkRX8U1WjJFd8LsDJ2yQ/wWWxaopEsABU1XfkM8A+j0+85JAGppt16cr1Whg6KIbb4okU6Mql6BOj+uup/wKeA=="
  "resolved" "https://registry.npmjs.org/string_decoder/-/string_decoder-1.3.0.tgz"
  "version" "1.3.0"
  dependencies:
    "safe-buffer" "~5.2.0"

"string-width@^4.1.0", "string-width@^4.2.0":
  "integrity" "sha512-XBJbT3N4JhVumXE0eoLU9DCjcaF92KLNqTmFCnG1pf8duUxFGwtP6AD6nkjw9a3IdiRtL3E2w3JDiE/xi3vOeA=="
  "resolved" "https://registry.npmjs.org/string-width/-/string-width-4.2.2.tgz"
  "version" "4.2.2"
  dependencies:
    "emoji-regex" "^8.0.0"
    "is-fullwidth-code-point" "^3.0.0"
    "strip-ansi" "^6.0.0"

"string.prototype.codepointat@^0.2.1":
  "integrity" "sha512-2cBVCj6I4IOvEnjgO/hWqXjqBGsY+zwPmHl12Srk9IXSZ56Jwwmy+66XO5Iut/oQVR7t5ihYdLB0GMa4alEUcg=="
  "resolved" "https://registry.npmjs.org/string.prototype.codepointat/-/string.prototype.codepointat-0.2.1.tgz"
  "version" "0.2.1"

"strip-ansi@^6.0.0":
  "integrity" "sha512-AuvKTrTfQNYNIctbR1K/YGTR1756GycPsg7b9bdV9Duqur4gv6aKqHXah67Z8ImS7WEz5QVcOtlfW2rZEugt6w=="
  "resolved" "https://registry.npmjs.org/strip-ansi/-/strip-ansi-6.0.0.tgz"
  "version" "6.0.0"
  dependencies:
    "ansi-regex" "^5.0.0"

"symbol-tree@^3.2.4":
  "integrity" "sha512-9QNk5KwDF+Bvz+PyObkmSYjI5ksVUYtjW7AU22r2NKcfLJcXp96hkDWU3+XndOsUb+AQ9QhfzfCT2O+CNWT5Tw=="
  "resolved" "https://registry.npmjs.org/symbol-tree/-/symbol-tree-3.2.4.tgz"
  "version" "3.2.4"

"tiny-inflate@^1.0.0", "tiny-inflate@^1.0.3":
  "integrity" "sha512-pkY1fj1cKHb2seWDy0B16HeWyczlJA9/WW3u3c4z/NiWDsO3DOU5D7nhTLE9CF0yXv/QZFY7sEJmj24dK+Rrqw=="
  "resolved" "https://registry.npmjs.org/tiny-inflate/-/tiny-inflate-1.0.3.tgz"
  "version" "1.0.3"

"tough-cookie@^4.0.0":
  "integrity" "sha512-tHdtEpQCMrc1YLrMaqXXcj6AxhYi/xgit6mZu1+EDWUn+qhUf8wMQoFIy9NXuq23zAwtcB0t/MjACGR18pcRbg=="
  "resolved" "https://registry.npmjs.org/tough-cookie/-/tough-cookie-4.0.0.tgz"
  "version" "4.0.0"
  dependencies:
    "psl" "^1.1.33"
    "punycode" "^2.1.1"
    "universalify" "^0.1.2"

"tr46@^2.1.0":
  "integrity" "sha512-15Ih7phfcdP5YxqiB+iDtLoaTz4Nd35+IiAv0kQ5FNKHzXgdWqPoTIqEDDJmXceQt4JZk6lVPT8lnDlPpGDppw=="
  "resolved" "https://registry.npmjs.org/tr46/-/tr46-2.1.0.tgz"
  "version" "2.1.0"
  dependencies:
    "punycode" "^2.1.1"

"type-check@~0.3.2":
  "integrity" "sha1-WITKtRLPHTVeP7eE8wgEsrUg23I="
  "resolved" "https://registry.npmjs.org/type-check/-/type-check-0.3.2.tgz"
  "version" "0.3.2"
  dependencies:
    "prelude-ls" "~1.1.2"

"unicode-trie@^0.3.0":
  "integrity" "sha1-1nHd3YkQGgi6w3tqUWEBBgIFIIU="
  "resolved" "https://registry.npmjs.org/unicode-trie/-/unicode-trie-0.3.1.tgz"
  "version" "0.3.1"
  dependencies:
    "pako" "^0.2.5"
    "tiny-inflate" "^1.0.0"

"universalify@^0.1.2":
  "integrity" "sha512-rBJeI5CXAlmy1pV+617WB9J63U6XcazHHF2f2dbJix4XzpUF0RS3Zbj0FGIOCAva5P/d/GBOYaACQ1w+0azUkg=="
  "resolved" "https://registry.npmjs.org/universalify/-/universalify-0.1.2.tgz"
  "version" "0.1.2"

"unorm@^1.6.0":
  "integrity" "sha512-b2/KCUlYZUeA7JFUuRJZPUtr4gZvBh7tavtv4fvk4+KV9pfGiR6CQAQAWl49ZpR3ts2dk4FYkP7EIgDJoiOLDA=="
  "resolved" "https://registry.npmjs.org/unorm/-/unorm-1.6.0.tgz"
  "version" "1.6.0"

"util-deprecate@^1.0.1":
  "integrity" "sha1-RQ1Nyfpw3nMnYvvS1KKJgUGaDM8="
  "resolved" "https://registry.npmjs.org/util-deprecate/-/util-deprecate-1.0.2.tgz"
  "version" "1.0.2"

"uuid@^8.3.1":
  "integrity" "sha512-+NYs2QeMWy+GWFOEm9xnn6HCDp0l7QBD7ml8zLUmJ+93Q5NF0NocErnwkTkXVFNiX3/fpC6afS8Dhb/gz7R7eg=="
  "resolved" "https://registry.npmjs.org/uuid/-/uuid-8.3.2.tgz"
  "version" "8.3.2"

"w3c-hr-time@^1.0.2":
  "integrity" "sha512-z8P5DvDNjKDoFIHK7q8r8lackT6l+jo/Ye3HOle7l9nICP9lf1Ci25fy9vHd0JOWewkIFzXIEig3TdKT7JQ5fQ=="
  "resolved" "https://registry.npmjs.org/w3c-hr-time/-/w3c-hr-time-1.0.2.tgz"
  "version" "1.0.2"
  dependencies:
    "browser-process-hrtime" "^1.0.0"

"w3c-xmlserializer@^2.0.0":
  "integrity" "sha512-4tzD0mF8iSiMiNs30BiLO3EpfGLZUT2MSX/G+o7ZywDzliWQ3OPtTZ0PTC3B3ca1UAf4cJMHB+2Bf56EriJuRA=="
  "resolved" "https://registry.npmjs.org/w3c-xmlserializer/-/w3c-xmlserializer-2.0.0.tgz"
  "version" "2.0.0"
  dependencies:
    "xml-name-validator" "^3.0.0"

"webidl-conversions@^5.0.0":
  "integrity" "sha512-VlZwKPCkYKxQgeSbH5EyngOmRp7Ww7I9rQLERETtf5ofd9pGeswWiOtogpEO850jziPRarreGxn5QIiTqpb2wA=="
  "resolved" "https://registry.npmjs.org/webidl-conversions/-/webidl-conversions-5.0.0.tgz"
  "version" "5.0.0"

"webidl-conversions@^6.1.0":
  "integrity" "sha512-qBIvFLGiBpLjfwmYAaHPXsn+ho5xZnGvyGvsarywGNc8VyQJUMHJ8OBKGGrPER0okBeMDaan4mNBlgBROxuI8w=="
  "resolved" "https://registry.npmjs.org/webidl-conversions/-/webidl-conversions-6.1.0.tgz"
  "version" "6.1.0"

"whatwg-encoding@^1.0.5":
  "integrity" "sha512-b5lim54JOPN9HtzvK9HFXvBma/rnfFeqsic0hSpjtDbVxR3dJKLc+KB4V6GgiGOvl7CY/KNh8rxSo9DKQrnUEw=="
  "resolved" "https://registry.npmjs.org/whatwg-encoding/-/whatwg-encoding-1.0.5.tgz"
  "version" "1.0.5"
  dependencies:
    "iconv-lite" "0.4.24"

"whatwg-mimetype@^2.3.0":
  "integrity" "sha512-M4yMwr6mAnQz76TbJm914+gPpB/nCwvZbJU28cUD6dR004SAxDLOOSUaB1JDRqLtaOV/vi0IC5lEAGFgrjGv/g=="
  "resolved" "https://registry.npmjs.org/whatwg-mimetype/-/whatwg-mimetype-2.3.0.tgz"
  "version" "2.3.0"

"whatwg-url@^8.0.0", "whatwg-url@^8.5.0":
  "integrity" "sha512-os0KkeeqUOl7ccdDT1qqUcS4KH4tcBTSKK5Nl5WKb2lyxInIZ/CpjkqKa1Ss12mjfdcRX9mHmPPs7/SxG1Hbdw=="
  "resolved" "https://registry.npmjs.org/whatwg-url/-/whatwg-url-8.6.0.tgz"
  "version" "8.6.0"
  dependencies:
    "lodash" "^4.7.0"
    "tr46" "^2.1.0"
    "webidl-conversions" "^6.1.0"

"wkhtmltopdf@^0.4.0":
  "integrity" "sha512-PXvsPehsmP1HeUDPx5qofitc+TJ0+Gb4Xn11iPJnHrLgXwyzRUzn9/b2t+soE+fwBMqUPs4Wchd0CRW+52MkNQ=="
  "resolved" "https://registry.npmjs.org/wkhtmltopdf/-/wkhtmltopdf-0.4.0.tgz"
  "version" "0.4.0"
  dependencies:
    "is-stream" "^1.0.1"
    "slang" ">=0.2"

"word-wrap@~1.2.3":
  "integrity" "sha512-Hz/mrNwitNRh/HUAtM/VT/5VH+ygD6DV7mYKZAtHOrbs8U7lvPS6xf7EJKMF0uW1KJCl0H701g3ZGus+muE5vQ=="
  "resolved" "https://registry.npmjs.org/word-wrap/-/word-wrap-1.2.3.tgz"
  "version" "1.2.3"

"wrap-ansi@^7.0.0":
  "integrity" "sha512-YVGIj2kamLSTxw6NsZjoBxfSwsn0ycdesmc4p+Q21c5zPuZ1pl+NfxVdxPtdHvmNVOQ6XSYG4AUtyt/Fi7D16Q=="
  "resolved" "https://registry.npmjs.org/wrap-ansi/-/wrap-ansi-7.0.0.tgz"
  "version" "7.0.0"
  dependencies:
    "ansi-styles" "^4.0.0"
    "string-width" "^4.1.0"
    "strip-ansi" "^6.0.0"

"wrappy@1":
  "integrity" "sha1-tSQ9jz7BqjXxNkYFvA0QNuMKtp8="
  "resolved" "https://registry.npmjs.org/wrappy/-/wrappy-1.0.2.tgz"
  "version" "1.0.2"

"ws@^7.4.5":
  "integrity" "sha512-6ezXvzOZupqKj4jUqbQ9tXuJNo+BR2gU8fFRk3XCP3e0G6WT414u5ELe6Y0vtp7kmSJ3F7YWObSNr1ESsgi4vw=="
  "resolved" "https://registry.npmjs.org/ws/-/ws-7.5.0.tgz"
  "version" "7.5.0"

"xml-name-validator@^3.0.0":
  "integrity" "sha512-A5CUptxDsvxKJEU3yO6DuWBSJz/qizqzJKOMIfUJHETbBw/sFaDxgd6fxm1ewUaM0jZ444Fc5vC5ROYurg/4Pw=="
  "resolved" "https://registry.npmjs.org/xml-name-validator/-/xml-name-validator-3.0.0.tgz"
  "version" "3.0.0"

"xmlchars@^2.2.0":
  "integrity" "sha512-JZnDKK8B0RCDw84FNdDAIpZK+JuJw+s7Lz8nksI7SIuU3UXJJslUthsi+uWBUYOwPFwW7W7PRLRfUKpxjtjFCw=="
  "resolved" "https://registry.npmjs.org/xmlchars/-/xmlchars-2.2.0.tgz"
  "version" "2.2.0"

"y18n@^5.0.5":
  "integrity" "sha512-0pfFzegeDWJHJIAmTLRP2DwHjdF5s7jo9tuztdQxAhINCdvS+3nGINqPd00AphqJR/0LhANUS6/+7SCb98YOfA=="
  "resolved" "https://registry.npmjs.org/y18n/-/y18n-5.0.8.tgz"
  "version" "5.0.8"

"yargs-parser@^20.2.2":
  "integrity" "sha512-y11nGElTIV+CT3Zv9t7VKl+Q3hTQoT9a1Qzezhhl6Rp21gJ/IVTW7Z3y9EWXhuUBC2Shnf+DX0antecpAwSP8w=="
  "resolved" "https://registry.npmjs.org/yargs-parser/-/yargs-parser-20.2.9.tgz"
  "version" "20.2.9"

"yargs@^17.0.1":
  "integrity" "sha512-xBBulfCc8Y6gLFcrPvtqKz9hz8SO0l1Ni8GgDekvBX2ro0HRQImDGnikfc33cgzcYUSncapnNcZDjVFIH3f6KQ=="
  "resolved" "https://registry.npmjs.org/yargs/-/yargs-17.0.1.tgz"
  "version" "17.0.1"
  dependencies:
    "cliui" "^7.0.2"
    "escalade" "^3.1.1"
    "get-caller-file" "^2.0.5"
    "require-directory" "^2.1.1"
    "string-width" "^4.2.0"
    "y18n" "^5.0.5"
    "yargs-parser" "^20.2.2"
